// !$*UTF8*$!
{
	archiveVersion = 1;
	classes = {
	};
	objectVersion = 50;
	objects = {

/* Begin PBXBuildFile section */
		146D353B210E4F5800E4B220 /* CatCurl.sks in Resources */ = {isa = PBXBuildFile; fileRef = 146D353A210E4F5800E4B220 /* CatCurl.sks */; };
		14B9912C2110ECCF00F87FC1 /* GameScene.swift in Sources */ = {isa = PBXBuildFile; fileRef = 14B9912B2110ECCF00F87FC1 /* GameScene.swift */; };
		14B9912E2110EF8E00F87FC1 /* BedNode.swift in Sources */ = {isa = PBXBuildFile; fileRef = 14B9912D2110EF8E00F87FC1 /* BedNode.swift */; };
		14B991302110F0A700F87FC1 /* CustomNode.swift in Sources */ = {isa = PBXBuildFile; fileRef = 14B9912F2110F0A700F87FC1 /* CustomNode.swift */; };
		14B991322110F14600F87FC1 /* CatNode.swift in Sources */ = {isa = PBXBuildFile; fileRef = 14B991312110F14600F87FC1 /* CatNode.swift */; };
		14B991342111089E00F87FC1 /* PhysicsCategory.swift in Sources */ = {isa = PBXBuildFile; fileRef = 14B991332111089E00F87FC1 /* PhysicsCategory.swift */; };
		14B99136211109A700F87FC1 /* BlockNode.swift in Sources */ = {isa = PBXBuildFile; fileRef = 14B99135211109A700F87FC1 /* BlockNode.swift */; };
		14B991382111F48900F87FC1 /* MessageNode.swift in Sources */ = {isa = PBXBuildFile; fileRef = 14B991372111F48900F87FC1 /* MessageNode.swift */; };
		14C4643321048D55009757CB /* AppDelegate.swift in Sources */ = {isa = PBXBuildFile; fileRef = 14C4643221048D55009757CB /* AppDelegate.swift */; };
		14C4643521048D55009757CB /* GameScene.sks in Resources */ = {isa = PBXBuildFile; fileRef = 14C4643421048D55009757CB /* GameScene.sks */; };
		14C4643B21048D55009757CB /* GameViewController.swift in Sources */ = {isa = PBXBuildFile; fileRef = 14C4643A21048D55009757CB /* GameViewController.swift */; };
		14C4643E21048D55009757CB /* Main.storyboard in Resources */ = {isa = PBXBuildFile; fileRef = 14C4643C21048D55009757CB /* Main.storyboard */; };
		14C4644021048D55009757CB /* Assets.xcassets in Resources */ = {isa = PBXBuildFile; fileRef = 14C4643F21048D55009757CB /* Assets.xcassets */; };
		14C4644321048D55009757CB /* LaunchScreen.storyboard in Resources */ = {isa = PBXBuildFile; fileRef = 14C4644121048D55009757CB /* LaunchScreen.storyboard */; };
		14C4645A21048E86009757CB /* lose.mp3 in Resources */ = {isa = PBXBuildFile; fileRef = 14C4645521048E85009757CB /* lose.mp3 */; };
		14C4645B21048E86009757CB /* mrreow.mp3 in Resources */ = {isa = PBXBuildFile; fileRef = 14C4645621048E85009757CB /* mrreow.mp3 */; };
		14C4645C21048E86009757CB /* pop.mp3 in Resources */ = {isa = PBXBuildFile; fileRef = 14C4645721048E85009757CB /* pop.mp3 */; };
		14C4645D21048E86009757CB /* backgroundMusic.mp3 in Resources */ = {isa = PBXBuildFile; fileRef = 14C4645821048E86009757CB /* backgroundMusic.mp3 */; };
		14C4645E21048E86009757CB /* win.mp3 in Resources */ = {isa = PBXBuildFile; fileRef = 14C4645921048E86009757CB /* win.mp3 */; };
		14C4646121049991009757CB /* Cat.sks in Resources */ = {isa = PBXBuildFile; fileRef = 14C4646021049991009757CB /* Cat.sks */; };
/* End PBXBuildFile section */

/* Begin PBXFileReference section */
		146D353A210E4F5800E4B220 /* CatCurl.sks */ = {isa = PBXFileReference; lastKnownFileType = file.sks; path = CatCurl.sks; sourceTree = "<group>"; };
		14B9912B2110ECCF00F87FC1 /* GameScene.swift */ = {isa = PBXFileReference; lastKnownFileType = sourcecode.swift; path = GameScene.swift; sourceTree = "<group>"; };
		14B9912D2110EF8E00F87FC1 /* BedNode.swift */ = {isa = PBXFileReference; lastKnownFileType = sourcecode.swift; path = BedNode.swift; sourceTree = "<group>"; };
		14B9912F2110F0A700F87FC1 /* CustomNode.swift */ = {isa = PBXFileReference; lastKnownFileType = sourcecode.swift; path = CustomNode.swift; sourceTree = "<group>"; };
		14B991312110F14600F87FC1 /* CatNode.swift */ = {isa = PBXFileReference; lastKnownFileType = sourcecode.swift; path = CatNode.swift; sourceTree = "<group>"; };
		14B991332111089E00F87FC1 /* PhysicsCategory.swift */ = {isa = PBXFileReference; lastKnownFileType = sourcecode.swift; path = PhysicsCategory.swift; sourceTree = "<group>"; };
		14B99135211109A700F87FC1 /* BlockNode.swift */ = {isa = PBXFileReference; lastKnownFileType = sourcecode.swift; path = BlockNode.swift; sourceTree = "<group>"; };
		14B991372111F48900F87FC1 /* MessageNode.swift */ = {isa = PBXFileReference; lastKnownFileType = sourcecode.swift; path = MessageNode.swift; sourceTree = "<group>"; };
		14C4642F21048D55009757CB /* CatNap.app */ = {isa = PBXFileReference; explicitFileType = wrapper.application; includeInIndex = 0; path = CatNap.app; sourceTree = BUILT_PRODUCTS_DIR; };
		14C4643221048D55009757CB /* AppDelegate.swift */ = {isa = PBXFileReference; lastKnownFileType = sourcecode.swift; path = AppDelegate.swift; sourceTree = "<group>"; };
		14C4643421048D55009757CB /* GameScene.sks */ = {isa = PBXFileReference; lastKnownFileType = file.sks; path = GameScene.sks; sourceTree = "<group>"; };
		14C4643A21048D55009757CB /* GameViewController.swift */ = {isa = PBXFileReference; lastKnownFileType = sourcecode.swift; path = GameViewController.swift; sourceTree = "<group>"; };
		14C4643D21048D55009757CB /* Base */ = {isa = PBXFileReference; lastKnownFileType = file.storyboard; name = Base; path = Base.lproj/Main.storyboard; sourceTree = "<group>"; };
		14C4643F21048D55009757CB /* Assets.xcassets */ = {isa = PBXFileReference; lastKnownFileType = folder.assetcatalog; path = Assets.xcassets; sourceTree = "<group>"; };
		14C4644221048D55009757CB /* Base */ = {isa = PBXFileReference; lastKnownFileType = file.storyboard; name = Base; path = Base.lproj/LaunchScreen.storyboard; sourceTree = "<group>"; };
		14C4644421048D55009757CB /* Info.plist */ = {isa = PBXFileReference; lastKnownFileType = text.plist.xml; path = Info.plist; sourceTree = "<group>"; };
		14C4645521048E85009757CB /* lose.mp3 */ = {isa = PBXFileReference; lastKnownFileType = audio.mp3; path = lose.mp3; sourceTree = "<group>"; };
		14C4645621048E85009757CB /* mrreow.mp3 */ = {isa = PBXFileReference; lastKnownFileType = audio.mp3; path = mrreow.mp3; sourceTree = "<group>"; };
		14C4645721048E85009757CB /* pop.mp3 */ = {isa = PBXFileReference; lastKnownFileType = audio.mp3; path = pop.mp3; sourceTree = "<group>"; };
		14C4645821048E86009757CB /* backgroundMusic.mp3 */ = {isa = PBXFileReference; lastKnownFileType = audio.mp3; path = backgroundMusic.mp3; sourceTree = "<group>"; };
		14C4645921048E86009757CB /* win.mp3 */ = {isa = PBXFileReference; lastKnownFileType = audio.mp3; path = win.mp3; sourceTree = "<group>"; };
		14C4646021049991009757CB /* Cat.sks */ = {isa = PBXFileReference; lastKnownFileType = file.sks; path = Cat.sks; sourceTree = "<group>"; };
/* End PBXFileReference section */

/* Begin PBXFrameworksBuildPhase section */
		14C4642C21048D55009757CB /* Frameworks */ = {
			isa = PBXFrameworksBuildPhase;
			buildActionMask = 2147483647;
			files = (
			);
			runOnlyForDeploymentPostprocessing = 0;
		};
/* End PBXFrameworksBuildPhase section */

/* Begin PBXGroup section */
		14B9912A2110ECC200F87FC1 /* Code */ = {
			isa = PBXGroup;
			children = (
				14B9912B2110ECCF00F87FC1 /* GameScene.swift */,
				14B9912D2110EF8E00F87FC1 /* BedNode.swift */,
				14B9912F2110F0A700F87FC1 /* CustomNode.swift */,
				14B991312110F14600F87FC1 /* CatNode.swift */,
				14B991332111089E00F87FC1 /* PhysicsCategory.swift */,
				14B99135211109A700F87FC1 /* BlockNode.swift */,
				14B991372111F48900F87FC1 /* MessageNode.swift */,
			);
			path = Code;
			sourceTree = "<group>";
		};
		14C4642621048D54009757CB = {
			isa = PBXGroup;
			children = (
				14C4643121048D55009757CB /* CatNap */,
				14C4643021048D55009757CB /* Products */,
			);
			sourceTree = "<group>";
		};
		14C4643021048D55009757CB /* Products */ = {
			isa = PBXGroup;
			children = (
				14C4642F21048D55009757CB /* CatNap.app */,
			);
			name = Products;
			sourceTree = "<group>";
		};
		14C4643121048D55009757CB /* CatNap */ = {
			isa = PBXGroup;
			children = (
				14B9912A2110ECC200F87FC1 /* Code */,
				14C4645F21049968009757CB /* Scenes */,
				14C4644A21048E50009757CB /* Sounds */,
				14C4643221048D55009757CB /* AppDelegate.swift */,
				14C4643A21048D55009757CB /* GameViewController.swift */,
				14C4643C21048D55009757CB /* Main.storyboard */,
				14C4643F21048D55009757CB /* Assets.xcassets */,
				14C4644121048D55009757CB /* LaunchScreen.storyboard */,
				14C4644421048D55009757CB /* Info.plist */,
			);
			path = CatNap;
			sourceTree = "<group>";
		};
		14C4644A21048E50009757CB /* Sounds */ = {
			isa = PBXGroup;
			children = (
				14C4645821048E86009757CB /* backgroundMusic.mp3 */,
				14C4645521048E85009757CB /* lose.mp3 */,
				14C4645621048E85009757CB /* mrreow.mp3 */,
				14C4645721048E85009757CB /* pop.mp3 */,
				14C4645921048E86009757CB /* win.mp3 */,
			);
			path = Sounds;
			sourceTree = "<group>";
		};
		14C4645F21049968009757CB /* Scenes */ = {
			isa = PBXGroup;
			children = (
				14C4643421048D55009757CB /* GameScene.sks */,
				14C4646021049991009757CB /* Cat.sks */,
				146D353A210E4F5800E4B220 /* CatCurl.sks */,
			);
			path = Scenes;
			sourceTree = "<group>";
		};
/* End PBXGroup section */

/* Begin PBXNativeTarget section */
		14C4642E21048D55009757CB /* CatNap */ = {
			isa = PBXNativeTarget;
			buildConfigurationList = 14C4644721048D55009757CB /* Build configuration list for PBXNativeTarget "CatNap" */;
			buildPhases = (
				14C4642B21048D55009757CB /* Sources */,
				14C4642C21048D55009757CB /* Frameworks */,
				14C4642D21048D55009757CB /* Resources */,
			);
			buildRules = (
			);
			dependencies = (
			);
			name = CatNap;
			productName = CatNap;
			productReference = 14C4642F21048D55009757CB /* CatNap.app */;
			productType = "com.apple.product-type.application";
		};
/* End PBXNativeTarget section */

/* Begin PBXProject section */
		14C4642721048D54009757CB /* Project object */ = {
			isa = PBXProject;
			attributes = {
				LastSwiftUpdateCheck = 0940;
				LastUpgradeCheck = 0940;
				ORGANIZATIONNAME = N7;
				TargetAttributes = {
					14C4642E21048D55009757CB = {
						CreatedOnToolsVersion = 9.4;
					};
				};
			};
			buildConfigurationList = 14C4642A21048D54009757CB /* Build configuration list for PBXProject "CatNap" */;
			compatibilityVersion = "Xcode 9.3";
			developmentRegion = en;
			hasScannedForEncodings = 0;
			knownRegions = (
				en,
				Base,
			);
			mainGroup = 14C4642621048D54009757CB;
			productRefGroup = 14C4643021048D55009757CB /* Products */;
			projectDirPath = "";
			projectRoot = "";
			targets = (
				14C4642E21048D55009757CB /* CatNap */,
			);
		};
/* End PBXProject section */

/* Begin PBXResourcesBuildPhase section */
		14C4642D21048D55009757CB /* Resources */ = {
			isa = PBXResourcesBuildPhase;
			buildActionMask = 2147483647;
			files = (
				14C4643E21048D55009757CB /* Main.storyboard in Resources */,
				14C4643521048D55009757CB /* GameScene.sks in Resources */,
				14C4645D21048E86009757CB /* backgroundMusic.mp3 in Resources */,
				146D353B210E4F5800E4B220 /* CatCurl.sks in Resources */,
				14C4644021048D55009757CB /* Assets.xcassets in Resources */,
				14C4644321048D55009757CB /* LaunchScreen.storyboard in Resources */,
				14C4645E21048E86009757CB /* win.mp3 in Resources */,
				14C4645C21048E86009757CB /* pop.mp3 in Resources */,
				14C4645B21048E86009757CB /* mrreow.mp3 in Resources */,
				14C4645A21048E86009757CB /* lose.mp3 in Resources */,
				14C4646121049991009757CB /* Cat.sks in Resources */,
			);
			runOnlyForDeploymentPostprocessing = 0;
		};
/* End PBXResourcesBuildPhase section */

/* Begin PBXSourcesBuildPhase section */
		14C4642B21048D55009757CB /* Sources */ = {
			isa = PBXSourcesBuildPhase;
			buildActionMask = 2147483647;
			files = (
				14B9912C2110ECCF00F87FC1 /* GameScene.swift in Sources */,
				14B9912E2110EF8E00F87FC1 /* BedNode.swift in Sources */,
				14B991302110F0A700F87FC1 /* CustomNode.swift in Sources */,
				14B99136211109A700F87FC1 /* BlockNode.swift in Sources */,
				14B991382111F48900F87FC1 /* MessageNode.swift in Sources */,
				14C4643B21048D55009757CB /* GameViewController.swift in Sources */,
				14B991322110F14600F87FC1 /* CatNode.swift in Sources */,
				14C4643321048D55009757CB /* AppDelegate.swift in Sources */,
				14B991342111089E00F87FC1 /* PhysicsCategory.swift in Sources */,
			);
			runOnlyForDeploymentPostprocessing = 0;
		};
/* End PBXSourcesBuildPhase section */

/* Begin PBXVariantGroup section */
		14C4643C21048D55009757CB /* Main.storyboard */ = {
			isa = PBXVariantGroup;
			children = (
				14C4643D21048D55009757CB /* Base */,
			);
			name = Main.storyboard;
			sourceTree = "<group>";
		};
		14C4644121048D55009757CB /* LaunchScreen.storyboard */ = {
			isa = PBXVariantGroup;
			children = (
				14C4644221048D55009757CB /* Base */,
			);
			name = LaunchScreen.storyboard;
			sourceTree = "<group>";
		};
/* End PBXVariantGroup section */

/* Begin XCBuildConfiguration section */
		14C4644521048D55009757CB /* Debug */ = {
			isa = XCBuildConfiguration;
			buildSettings = {
				ALWAYS_SEARCH_USER_PATHS = NO;
				CLANG_ANALYZER_NONNULL = YES;
				CLANG_ANALYZER_NUMBER_OBJECT_CONVERSION = YES_AGGRESSIVE;
				CLANG_CXX_LANGUAGE_STANDARD = "gnu++14";
				CLANG_CXX_LIBRARY = "libc++";
				CLANG_ENABLE_MODULES = YES;
				CLANG_ENABLE_OBJC_ARC = YES;
				CLANG_ENABLE_OBJC_WEAK = YES;
				CLANG_WARN_BLOCK_CAPTURE_AUTORELEASING = YES;
				CLANG_WARN_BOOL_CONVERSION = YES;
				CLANG_WARN_COMMA = YES;
				CLANG_WARN_CONSTANT_CONVERSION = YES;
				CLANG_WARN_DEPRECATED_OBJC_IMPLEMENTATIONS = YES;
				CLANG_WARN_DIRECT_OBJC_ISA_USAGE = YES_ERROR;
				CLANG_WARN_DOCUMENTATION_COMMENTS = YES;
				CLANG_WARN_EMPTY_BODY = YES;
				CLANG_WARN_ENUM_CONVERSION = YES;
				CLANG_WARN_INFINITE_RECURSION = YES;
				CLANG_WARN_INT_CONVERSION = YES;
				CLANG_WARN_NON_LITERAL_NULL_CONVERSION = YES;
				CLANG_WARN_OBJC_IMPLICIT_RETAIN_SELF = YES;
				CLANG_WARN_OBJC_LITERAL_CONVERSION = YES;
				CLANG_WARN_OBJC_ROOT_CLASS = YES_ERROR;
				CLANG_WARN_RANGE_LOOP_ANALYSIS = YES;
				CLANG_WARN_STRICT_PROTOTYPES = YES;
				CLANG_WARN_SUSPICIOUS_MOVE = YES;
				CLANG_WARN_UNGUARDED_AVAILABILITY = YES_AGGRESSIVE;
				CLANG_WARN_UNREACHABLE_CODE = YES;
				CLANG_WARN__DUPLICATE_METHOD_MATCH = YES;
				CODE_SIGN_IDENTITY = "iPhone Developer";
				COPY_PHASE_STRIP = NO;
				DEBUG_INFORMATION_FORMAT = dwarf;
				ENABLE_STRICT_OBJC_MSGSEND = YES;
				ENABLE_TESTABILITY = YES;
				GCC_C_LANGUAGE_STANDARD = gnu11;
				GCC_DYNAMIC_NO_PIC = NO;
				GCC_NO_COMMON_BLOCKS = YES;
				GCC_OPTIMIZATION_LEVEL = 0;
				GCC_PREPROCESSOR_DEFINITIONS = (
					"DEBUG=1",
					"$(inherited)",
				);
				GCC_WARN_64_TO_32_BIT_CONVERSION = YES;
				GCC_WARN_ABOUT_RETURN_TYPE = YES_ERROR;
				GCC_WARN_UNDECLARED_SELECTOR = YES;
				GCC_WARN_UNINITIALIZED_AUTOS = YES_AGGRESSIVE;
				GCC_WARN_UNUSED_FUNCTION = YES;
				GCC_WARN_UNUSED_VARIABLE = YES;
				IPHONEOS_DEPLOYMENT_TARGET = 11.4;
				MTL_ENABLE_DEBUG_INFO = YES;
				ONLY_ACTIVE_ARCH = YES;
				SDKROOT = iphoneos;
				SWIFT_ACTIVE_COMPILATION_CONDITIONS = DEBUG;
				SWIFT_OPTIMIZATION_LEVEL = "-Onone";
			};
			name = Debug;
		};
		14C4644621048D55009757CB /* Release */ = {
			isa = XCBuildConfiguration;
			buildSettings = {
				ALWAYS_SEARCH_USER_PATHS = NO;
				CLANG_ANALYZER_NONNULL = YES;
				CLANG_ANALYZER_NUMBER_OBJECT_CONVERSION = YES_AGGRESSIVE;
				CLANG_CXX_LANGUAGE_STANDARD = "gnu++14";
				CLANG_CXX_LIBRARY = "libc++";
				CLANG_ENABLE_MODULES = YES;
				CLANG_ENABLE_OBJC_ARC = YES;
				CLANG_ENABLE_OBJC_WEAK = YES;
				CLANG_WARN_BLOCK_CAPTURE_AUTORELEASING = YES;
				CLANG_WARN_BOOL_CONVERSION = YES;
				CLANG_WARN_COMMA = YES;
				CLANG_WARN_CONSTANT_CONVERSION = YES;
				CLANG_WARN_DEPRECATED_OBJC_IMPLEMENTATIONS = YES;
				CLANG_WARN_DIRECT_OBJC_ISA_USAGE = YES_ERROR;
				CLANG_WARN_DOCUMENTATION_COMMENTS = YES;
				CLANG_WARN_EMPTY_BODY = YES;
				CLANG_WARN_ENUM_CONVERSION = YES;
				CLANG_WARN_INFINITE_RECURSION = YES;
				CLANG_WARN_INT_CONVERSION = YES;
				CLANG_WARN_NON_LITERAL_NULL_CONVERSION = YES;
				CLANG_WARN_OBJC_IMPLICIT_RETAIN_SELF = YES;
				CLANG_WARN_OBJC_LITERAL_CONVERSION = YES;
				CLANG_WARN_OBJC_ROOT_CLASS = YES_ERROR;
				CLANG_WARN_RANGE_LOOP_ANALYSIS = YES;
				CLANG_WARN_STRICT_PROTOTYPES = YES;
				CLANG_WARN_SUSPICIOUS_MOVE = YES;
				CLANG_WARN_UNGUARDED_AVAILABILITY = YES_AGGRESSIVE;
				CLANG_WARN_UNREACHABLE_CODE = YES;
				CLANG_WARN__DUPLICATE_METHOD_MATCH = YES;
				CODE_SIGN_IDENTITY = "iPhone Developer";
				COPY_PHASE_STRIP = NO;
				DEBUG_INFORMATION_FORMAT = "dwarf-with-dsym";
				ENABLE_NS_ASSERTIONS = NO;
				ENABLE_STRICT_OBJC_MSGSEND = YES;
				GCC_C_LANGUAGE_STANDARD = gnu11;
				GCC_NO_COMMON_BLOCKS = YES;
				GCC_WARN_64_TO_32_BIT_CONVERSION = YES;
				GCC_WARN_ABOUT_RETURN_TYPE = YES_ERROR;
				GCC_WARN_UNDECLARED_SELECTOR = YES;
				GCC_WARN_UNINITIALIZED_AUTOS = YES_AGGRESSIVE;
				GCC_WARN_UNUSED_FUNCTION = YES;
				GCC_WARN_UNUSED_VARIABLE = YES;
				IPHONEOS_DEPLOYMENT_TARGET = 11.4;
				MTL_ENABLE_DEBUG_INFO = NO;
				SDKROOT = iphoneos;
				SWIFT_COMPILATION_MODE = wholemodule;
				SWIFT_OPTIMIZATION_LEVEL = "-O";
				VALIDATE_PRODUCT = YES;
			};
			name = Release;
		};
		14C4644821048D55009757CB /* Debug */ = {
			isa = XCBuildConfiguration;
			buildSettings = {
				ASSETCATALOG_COMPILER_APPICON_NAME = AppIcon;
				CODE_SIGN_STYLE = Automatic;
				DEVELOPMENT_TEAM = PT3B5FZTB8;
				INFOPLIST_FILE = CatNap/Info.plist;
				LD_RUNPATH_SEARCH_PATHS = (
					"$(inherited)",
					"@executable_path/Frameworks",
				);
				PRODUCT_BUNDLE_IDENTIFIER = com.nseven.CatNap;
				PRODUCT_NAME = "$(TARGET_NAME)";
				SWIFT_VERSION = 4.0;
				TARGETED_DEVICE_FAMILY = "1,2";
			};
			name = Debug;
		};
		14C4644921048D55009757CB /* Release */ = {
			isa = XCBuildConfiguration;
			buildSettings = {
				ASSETCATALOG_COMPILER_APPICON_NAME = AppIcon;
				CODE_SIGN_STYLE = Automatic;
				DEVELOPMENT_TEAM = PT3B5FZTB8;
				INFOPLIST_FILE = CatNap/Info.plist;
				LD_RUNPATH_SEARCH_PATHS = (
					"$(inherited)",
					"@executable_path/Frameworks",
				);
				PRODUCT_BUNDLE_IDENTIFIER = com.nseven.CatNap;
				PRODUCT_NAME = "$(TARGET_NAME)";
				SWIFT_VERSION = 4.0;
				TARGETED_DEVICE_FAMILY = "1,2";
			};
			name = Release;
		};
/* End XCBuildConfiguration section */

/* Begin XCConfigurationList section */
		14C4642A21048D54009757CB /* Build configuration list for PBXProject "CatNap" */ = {
			isa = XCConfigurationList;
			buildConfigurations = (
				14C4644521048D55009757CB /* Debug */,
				14C4644621048D55009757CB /* Release */,
			);
			defaultConfigurationIsVisible = 0;
			defaultConfigurationName = Release;
		};
		14C4644721048D55009757CB /* Build configuration list for PBXNativeTarget "CatNap" */ = {
			isa = XCConfigurationList;
			buildConfigurations = (
				14C4644821048D55009757CB /* Debug */,
				14C4644921048D55009757CB /* Release */,
			);
			defaultConfigurationIsVisible = 0;
			defaultConfigurationName = Release;
		};
/* End XCConfigurationList section */
	};
	rootObject = 14C4642721048D54009757CB /* Project object */;
}
